// !$*UTF8*$!
{
	archiveVersion = 1;
	classes = {
	};
	objectVersion = 46;
	objects = {

/* Begin PBXBuildFile section */
		88318E4D1A1319AA00A0F374 /* Foundation.framework in Frameworks */ = {isa = PBXBuildFile; fileRef = 88318E4C1A1319AA00A0F374 /* Foundation.framework */; };
		88318E4F1A1319AA00A0F374 /* CoreGraphics.framework in Frameworks */ = {isa = PBXBuildFile; fileRef = 88318E4E1A1319AA00A0F374 /* CoreGraphics.framework */; };
		88318E511A1319AA00A0F374 /* UIKit.framework in Frameworks */ = {isa = PBXBuildFile; fileRef = 88318E501A1319AA00A0F374 /* UIKit.framework */; };
		88318E571A1319AA00A0F374 /* InfoPlist.strings in Resources */ = {isa = PBXBuildFile; fileRef = 88318E551A1319AA00A0F374 /* InfoPlist.strings */; };
		88318E591A1319AA00A0F374 /* main.m in Sources */ = {isa = PBXBuildFile; fileRef = 88318E581A1319AA00A0F374 /* main.m */; };
		88318E5D1A1319AA00A0F374 /* AppDelegate.m in Sources */ = {isa = PBXBuildFile; fileRef = 88318E5C1A1319AA00A0F374 /* AppDelegate.m */; };
		88318E601A1319AA00A0F374 /* Main.storyboard in Resources */ = {isa = PBXBuildFile; fileRef = 88318E5E1A1319AA00A0F374 /* Main.storyboard */; };
		88318E631A1319AA00A0F374 /* ViewController.m in Sources */ = {isa = PBXBuildFile; fileRef = 88318E621A1319AA00A0F374 /* ViewController.m */; };
		88318E651A1319AA00A0F374 /* Images.xcassets in Resources */ = {isa = PBXBuildFile; fileRef = 88318E641A1319AA00A0F374 /* Images.xcassets */; };
		88318E6C1A1319AA00A0F374 /* XCTest.framework in Frameworks */ = {isa = PBXBuildFile; fileRef = 88318E6B1A1319AA00A0F374 /* XCTest.framework */; };
		88318E6D1A1319AA00A0F374 /* Foundation.framework in Frameworks */ = {isa = PBXBuildFile; fileRef = 88318E4C1A1319AA00A0F374 /* Foundation.framework */; };
		88318E6E1A1319AA00A0F374 /* UIKit.framework in Frameworks */ = {isa = PBXBuildFile; fileRef = 88318E501A1319AA00A0F374 /* UIKit.framework */; };
		88318E761A1319AA00A0F374 /* InfoPlist.strings in Resources */ = {isa = PBXBuildFile; fileRef = 88318E741A1319AA00A0F374 /* InfoPlist.strings */; };
		88318E781A1319AA00A0F374 /* eyeTrainTest2Tests.m in Sources */ = {isa = PBXBuildFile; fileRef = 88318E771A1319AA00A0F374 /* eyeTrainTest2Tests.m */; };
		88318E831A1319E100A0F374 /* SmoothedBIView.m in Sources */ = {isa = PBXBuildFile; fileRef = 88318E821A1319E100A0F374 /* SmoothedBIView.m */; };
		886B70E61A131BAF00496532 /* light_textured_backround.jpg in Resources */ = {isa = PBXBuildFile; fileRef = 886B70E51A131BAF00496532 /* light_textured_backround.jpg */; };
		886B70EA1A1324A400496532 /* background_paper.jpg in Resources */ = {isa = PBXBuildFile; fileRef = 886B70E71A1324A400496532 /* background_paper.jpg */; };
		886B70F01A13252F00496532 /* model.png in Resources */ = {isa = PBXBuildFile; fileRef = 886B70EE1A13252F00496532 /* model.png */; };
		886B70F41A13260300496532 /* guide.png in Resources */ = {isa = PBXBuildFile; fileRef = 886B70F31A13260300496532 /* guide.png */; };
		886F6FD71A146BF0000D1E9B /* answer.png in Resources */ = {isa = PBXBuildFile; fileRef = 886F6FD61A146BF0000D1E9B /* answer.png */; };
		886F6FDC1A14757B000D1E9B /* grade_a.png in Resources */ = {isa = PBXBuildFile; fileRef = 886F6FD81A14757B000D1E9B /* grade_a.png */; };
		886F6FDD1A14757B000D1E9B /* grade_d.png in Resources */ = {isa = PBXBuildFile; fileRef = 886F6FD91A14757B000D1E9B /* grade_d.png */; };
		886F6FDE1A14757B000D1E9B /* grade_c_minus.png in Resources */ = {isa = PBXBuildFile; fileRef = 886F6FDA1A14757B000D1E9B /* grade_c_minus.png */; };
		886F6FDF1A14757B000D1E9B /* grade_b.png in Resources */ = {isa = PBXBuildFile; fileRef = 886F6FDB1A14757B000D1E9B /* grade_b.png */; };
		886F6FE11A147834000D1E9B /* grade_f.png in Resources */ = {isa = PBXBuildFile; fileRef = 886F6FE01A147834000D1E9B /* grade_f.png */; };
		886F6FE31A147E37000D1E9B /* next_level.png in Resources */ = {isa = PBXBuildFile; fileRef = 886F6FE21A147E37000D1E9B /* next_level.png */; };
		886F6FE51A148603000D1E9B /* previous_level.png in Resources */ = {isa = PBXBuildFile; fileRef = 886F6FE41A148603000D1E9B /* previous_level.png */; };
		886F6FED1A148F85000D1E9B /* copy_draw.jpg in Resources */ = {isa = PBXBuildFile; fileRef = 886F6FE91A148F85000D1E9B /* copy_draw.jpg */; };
		886F6FF31A1496AD000D1E9B /* LinearInterpView.m in Sources */ = {isa = PBXBuildFile; fileRef = 886F6FF21A1496AD000D1E9B /* LinearInterpView.m */; };
		886F6FF91A15BDB3000D1E9B /* CollectionViewController.m in Sources */ = {isa = PBXBuildFile; fileRef = 886F6FF81A15BDB3000D1E9B /* CollectionViewController.m */; };
		886F704D1A16E40E000D1E9B /* CollectionViewCell.m in Sources */ = {isa = PBXBuildFile; fileRef = 886F704C1A16E40E000D1E9B /* CollectionViewCell.m */; };
		888459F31A17F2820013F40D /* ViewController2.m in Sources */ = {isa = PBXBuildFile; fileRef = 888459F21A17F2820013F40D /* ViewController2.m */; };
		888459F61A17F4BB0013F40D /* SmoothedBIView2.m in Sources */ = {isa = PBXBuildFile; fileRef = 888459F51A17F4BB0013F40D /* SmoothedBIView2.m */; };
		888459F81A17F9B50013F40D /* black_lobster_tag.png in Resources */ = {isa = PBXBuildFile; fileRef = 888459F71A17F9B50013F40D /* black_lobster_tag.png */; };
		888459FC1A17FA8B0013F40D /* pay_here_sign.png in Resources */ = {isa = PBXBuildFile; fileRef = 888459FB1A17FA8B0013F40D /* pay_here_sign.png */; };
		888459FE1A17FB2D0013F40D /* like_it.png in Resources */ = {isa = PBXBuildFile; fileRef = 888459FD1A17FB2D0013F40D /* like_it.png */; };
		88845A041A17FE6F0013F40D /* PayHereViewController.m in Sources */ = {isa = PBXBuildFile; fileRef = 88845A031A17FE6F0013F40D /* PayHereViewController.m */; };
		88845A071A180B400013F40D /* answer2.png in Resources */ = {isa = PBXBuildFile; fileRef = 88845A051A180B400013F40D /* answer2.png */; };
		88845A081A180B400013F40D /* guide2.png in Resources */ = {isa = PBXBuildFile; fileRef = 88845A061A180B400013F40D /* guide2.png */; };
		88845A0C1A18180B0013F40D /* draw_again.png in Resources */ = {isa = PBXBuildFile; fileRef = 88845A0B1A18180B0013F40D /* draw_again.png */; };
		88845A0E1A1818C20013F40D /* done.png in Resources */ = {isa = PBXBuildFile; fileRef = 88845A0D1A1818C20013F40D /* done.png */; };
		88845A141A18407C0013F40D /* perspective_draw.png in Resources */ = {isa = PBXBuildFile; fileRef = 88845A131A18407C0013F40D /* perspective_draw.png */; };
		88845A161A18415F0013F40D /* detail_draw.png in Resources */ = {isa = PBXBuildFile; fileRef = 88845A151A18415F0013F40D /* detail_draw.png */; };
		88845A1E1A1846E40013F40D /* copy_draw.png in Resources */ = {isa = PBXBuildFile; fileRef = 88845A1D1A1846E40013F40D /* copy_draw.png */; };
		88845A3C1A18535D0013F40D /* image_draw.png in Resources */ = {isa = PBXBuildFile; fileRef = 88845A3B1A18535D0013F40D /* image_draw.png */; };
		88845A441A1858C10013F40D /* draw_background_5.png in Resources */ = {isa = PBXBuildFile; fileRef = 88845A431A1858C10013F40D /* draw_background_5.png */; };
/* End PBXBuildFile section */

/* Begin PBXContainerItemProxy section */
		88318E6F1A1319AA00A0F374 /* PBXContainerItemProxy */ = {
			isa = PBXContainerItemProxy;
			containerPortal = 88318E411A1319AA00A0F374 /* Project object */;
			proxyType = 1;
			remoteGlobalIDString = 88318E481A1319AA00A0F374;
			remoteInfo = eyeTrainTest2;
		};
/* End PBXContainerItemProxy section */

/* Begin PBXFileReference section */
		88318E491A1319AA00A0F374 /* eyeTrainTest2.app */ = {isa = PBXFileReference; explicitFileType = wrapper.application; includeInIndex = 0; path = eyeTrainTest2.app; sourceTree = BUILT_PRODUCTS_DIR; };
		88318E4C1A1319AA00A0F374 /* Foundation.framework */ = {isa = PBXFileReference; lastKnownFileType = wrapper.framework; name = Foundation.framework; path = System/Library/Frameworks/Foundation.framework; sourceTree = SDKROOT; };
		88318E4E1A1319AA00A0F374 /* CoreGraphics.framework */ = {isa = PBXFileReference; lastKnownFileType = wrapper.framework; name = CoreGraphics.framework; path = System/Library/Frameworks/CoreGraphics.framework; sourceTree = SDKROOT; };
		88318E501A1319AA00A0F374 /* UIKit.framework */ = {isa = PBXFileReference; lastKnownFileType = wrapper.framework; name = UIKit.framework; path = System/Library/Frameworks/UIKit.framework; sourceTree = SDKROOT; };
		88318E541A1319AA00A0F374 /* eyeTrainTest2-Info.plist */ = {isa = PBXFileReference; lastKnownFileType = text.plist.xml; path = "eyeTrainTest2-Info.plist"; sourceTree = "<group>"; };
		88318E561A1319AA00A0F374 /* en */ = {isa = PBXFileReference; lastKnownFileType = text.plist.strings; name = en; path = en.lproj/InfoPlist.strings; sourceTree = "<group>"; };
		88318E581A1319AA00A0F374 /* main.m */ = {isa = PBXFileReference; lastKnownFileType = sourcecode.c.objc; path = main.m; sourceTree = "<group>"; };
		88318E5A1A1319AA00A0F374 /* eyeTrainTest2-Prefix.pch */ = {isa = PBXFileReference; lastKnownFileType = sourcecode.c.h; path = "eyeTrainTest2-Prefix.pch"; sourceTree = "<group>"; };
		88318E5B1A1319AA00A0F374 /* AppDelegate.h */ = {isa = PBXFileReference; lastKnownFileType = sourcecode.c.h; path = AppDelegate.h; sourceTree = "<group>"; };
		88318E5C1A1319AA00A0F374 /* AppDelegate.m */ = {isa = PBXFileReference; lastKnownFileType = sourcecode.c.objc; path = AppDelegate.m; sourceTree = "<group>"; };
		88318E5F1A1319AA00A0F374 /* Base */ = {isa = PBXFileReference; lastKnownFileType = file.storyboard; name = Base; path = Base.lproj/Main.storyboard; sourceTree = "<group>"; };
		88318E611A1319AA00A0F374 /* ViewController.h */ = {isa = PBXFileReference; lastKnownFileType = sourcecode.c.h; path = ViewController.h; sourceTree = "<group>"; };
		88318E621A1319AA00A0F374 /* ViewController.m */ = {isa = PBXFileReference; lastKnownFileType = sourcecode.c.objc; path = ViewController.m; sourceTree = "<group>"; };
		88318E641A1319AA00A0F374 /* Images.xcassets */ = {isa = PBXFileReference; lastKnownFileType = folder.assetcatalog; path = Images.xcassets; sourceTree = "<group>"; };
		88318E6A1A1319AA00A0F374 /* eyeTrainTest2Tests.xctest */ = {isa = PBXFileReference; explicitFileType = wrapper.cfbundle; includeInIndex = 0; path = eyeTrainTest2Tests.xctest; sourceTree = BUILT_PRODUCTS_DIR; };
		88318E6B1A1319AA00A0F374 /* XCTest.framework */ = {isa = PBXFileReference; lastKnownFileType = wrapper.framework; name = XCTest.framework; path = Library/Frameworks/XCTest.framework; sourceTree = DEVELOPER_DIR; };
		88318E731A1319AA00A0F374 /* eyeTrainTest2Tests-Info.plist */ = {isa = PBXFileReference; lastKnownFileType = text.plist.xml; path = "eyeTrainTest2Tests-Info.plist"; sourceTree = "<group>"; };
		88318E751A1319AA00A0F374 /* en */ = {isa = PBXFileReference; lastKnownFileType = text.plist.strings; name = en; path = en.lproj/InfoPlist.strings; sourceTree = "<group>"; };
		88318E771A1319AA00A0F374 /* eyeTrainTest2Tests.m */ = {isa = PBXFileReference; lastKnownFileType = sourcecode.c.objc; path = eyeTrainTest2Tests.m; sourceTree = "<group>"; };
		88318E811A1319BE00A0F374 /* SmoothedBIView.h */ = {isa = PBXFileReference; lastKnownFileType = sourcecode.c.h; path = SmoothedBIView.h; sourceTree = "<group>"; };
		88318E821A1319E100A0F374 /* SmoothedBIView.m */ = {isa = PBXFileReference; fileEncoding = 4; lastKnownFileType = sourcecode.c.objc; path = SmoothedBIView.m; sourceTree = "<group>"; };
		886B70E51A131BAF00496532 /* light_textured_backround.jpg */ = {isa = PBXFileReference; lastKnownFileType = image.jpeg; path = light_textured_backround.jpg; sourceTree = "<group>"; };
		886B70E71A1324A400496532 /* background_paper.jpg */ = {isa = PBXFileReference; lastKnownFileType = image.jpeg; path = background_paper.jpg; sourceTree = "<group>"; };
		886B70EE1A13252F00496532 /* model.png */ = {isa = PBXFileReference; lastKnownFileType = image.png; path = model.png; sourceTree = "<group>"; };
		886B70F31A13260300496532 /* guide.png */ = {isa = PBXFileReference; lastKnownFileType = image.png; path = guide.png; sourceTree = "<group>"; };
		886F6FD61A146BF0000D1E9B /* answer.png */ = {isa = PBXFileReference; lastKnownFileType = image.png; path = answer.png; sourceTree = "<group>"; };
		886F6FD81A14757B000D1E9B /* grade_a.png */ = {isa = PBXFileReference; lastKnownFileType = image.png; path = grade_a.png; sourceTree = "<group>"; };
		886F6FD91A14757B000D1E9B /* grade_d.png */ = {isa = PBXFileReference; lastKnownFileType = image.png; path = grade_d.png; sourceTree = "<group>"; };
		886F6FDA1A14757B000D1E9B /* grade_c_minus.png */ = {isa = PBXFileReference; lastKnownFileType = image.png; path = grade_c_minus.png; sourceTree = "<group>"; };
		886F6FDB1A14757B000D1E9B /* grade_b.png */ = {isa = PBXFileReference; lastKnownFileType = image.png; path = grade_b.png; sourceTree = "<group>"; };
		886F6FE01A147834000D1E9B /* grade_f.png */ = {isa = PBXFileReference; lastKnownFileType = image.png; path = grade_f.png; sourceTree = "<group>"; };
		886F6FE21A147E37000D1E9B /* next_level.png */ = {isa = PBXFileReference; lastKnownFileType = image.png; path = next_level.png; sourceTree = "<group>"; };
		886F6FE41A148603000D1E9B /* previous_level.png */ = {isa = PBXFileReference; lastKnownFileType = image.png; path = previous_level.png; sourceTree = "<group>"; };
		886F6FE91A148F85000D1E9B /* copy_draw.jpg */ = {isa = PBXFileReference; lastKnownFileType = image.jpeg; path = copy_draw.jpg; sourceTree = "<group>"; };
		886F6FF11A1496AD000D1E9B /* LinearInterpView.h */ = {isa = PBXFileReference; fileEncoding = 4; lastKnownFileType = sourcecode.c.h; path = LinearInterpView.h; sourceTree = "<group>"; };
		886F6FF21A1496AD000D1E9B /* LinearInterpView.m */ = {isa = PBXFileReference; fileEncoding = 4; lastKnownFileType = sourcecode.c.objc; path = LinearInterpView.m; sourceTree = "<group>"; };
		886F6FF71A15BDB3000D1E9B /* CollectionViewController.h */ = {isa = PBXFileReference; fileEncoding = 4; lastKnownFileType = sourcecode.c.h; path = CollectionViewController.h; sourceTree = "<group>"; };
		886F6FF81A15BDB3000D1E9B /* CollectionViewController.m */ = {isa = PBXFileReference; fileEncoding = 4; lastKnownFileType = sourcecode.c.objc; path = CollectionViewController.m; sourceTree = "<group>"; };
		886F704B1A16E40E000D1E9B /* CollectionViewCell.h */ = {isa = PBXFileReference; fileEncoding = 4; lastKnownFileType = sourcecode.c.h; path = CollectionViewCell.h; sourceTree = "<group>"; };
		886F704C1A16E40E000D1E9B /* CollectionViewCell.m */ = {isa = PBXFileReference; fileEncoding = 4; lastKnownFileType = sourcecode.c.objc; path = CollectionViewCell.m; sourceTree = "<group>"; };
		888459F11A17F2820013F40D /* ViewController2.h */ = {isa = PBXFileReference; fileEncoding = 4; lastKnownFileType = sourcecode.c.h; path = ViewController2.h; sourceTree = "<group>"; };
		888459F21A17F2820013F40D /* ViewController2.m */ = {isa = PBXFileReference; fileEncoding = 4; lastKnownFileType = sourcecode.c.objc; path = ViewController2.m; sourceTree = "<group>"; };
		888459F41A17F4BB0013F40D /* SmoothedBIView2.h */ = {isa = PBXFileReference; fileEncoding = 4; lastKnownFileType = sourcecode.c.h; path = SmoothedBIView2.h; sourceTree = "<group>"; };
		888459F51A17F4BB0013F40D /* SmoothedBIView2.m */ = {isa = PBXFileReference; fileEncoding = 4; lastKnownFileType = sourcecode.c.objc; path = SmoothedBIView2.m; sourceTree = "<group>"; };
		888459F71A17F9B50013F40D /* black_lobster_tag.png */ = {isa = PBXFileReference; lastKnownFileType = image.png; path = black_lobster_tag.png; sourceTree = "<group>"; };
		888459FB1A17FA8B0013F40D /* pay_here_sign.png */ = {isa = PBXFileReference; lastKnownFileType = image.png; path = pay_here_sign.png; sourceTree = "<group>"; };
		888459FD1A17FB2D0013F40D /* like_it.png */ = {isa = PBXFileReference; lastKnownFileType = image.png; path = like_it.png; sourceTree = "<group>"; };
		88845A021A17FE6F0013F40D /* PayHereViewController.h */ = {isa = PBXFileReference; fileEncoding = 4; lastKnownFileType = sourcecode.c.h; name = PayHereViewController.h; path = ../PayHereViewController.h; sourceTree = "<group>"; };
		88845A031A17FE6F0013F40D /* PayHereViewController.m */ = {isa = PBXFileReference; fileEncoding = 4; lastKnownFileType = sourcecode.c.objc; name = PayHereViewController.m; path = ../PayHereViewController.m; sourceTree = "<group>"; };
		88845A051A180B400013F40D /* answer2.png */ = {isa = PBXFileReference; lastKnownFileType = image.png; path = answer2.png; sourceTree = "<group>"; };
		88845A061A180B400013F40D /* guide2.png */ = {isa = PBXFileReference; lastKnownFileType = image.png; path = guide2.png; sourceTree = "<group>"; };
		88845A0B1A18180B0013F40D /* draw_again.png */ = {isa = PBXFileReference; lastKnownFileType = image.png; path = draw_again.png; sourceTree = "<group>"; };
		88845A0D1A1818C20013F40D /* done.png */ = {isa = PBXFileReference; lastKnownFileType = image.png; path = done.png; sourceTree = "<group>"; };
		88845A131A18407C0013F40D /* perspective_draw.png */ = {isa = PBXFileReference; lastKnownFileType = image.png; path = perspective_draw.png; sourceTree = "<group>"; };
		88845A151A18415F0013F40D /* detail_draw.png */ = {isa = PBXFileReference; lastKnownFileType = image.png; path = detail_draw.png; sourceTree = "<group>"; };
		88845A1D1A1846E40013F40D /* copy_draw.png */ = {isa = PBXFileReference; lastKnownFileType = image.png; path = copy_draw.png; sourceTree = "<group>"; };
		88845A3B1A18535D0013F40D /* image_draw.png */ = {isa = PBXFileReference; lastKnownFileType = image.png; path = image_draw.png; sourceTree = "<group>"; };
		88845A431A1858C10013F40D /* draw_background_5.png */ = {isa = PBXFileReference; lastKnownFileType = image.png; path = draw_background_5.png; sourceTree = "<group>"; };
/* End PBXFileReference section */

/* Begin PBXFrameworksBuildPhase section */
		88318E461A1319AA00A0F374 /* Frameworks */ = {
			isa = PBXFrameworksBuildPhase;
			buildActionMask = 2147483647;
			files = (
				88318E4F1A1319AA00A0F374 /* CoreGraphics.framework in Frameworks */,
				88318E511A1319AA00A0F374 /* UIKit.framework in Frameworks */,
				88318E4D1A1319AA00A0F374 /* Foundation.framework in Frameworks */,
			);
			runOnlyForDeploymentPostprocessing = 0;
		};
		88318E671A1319AA00A0F374 /* Frameworks */ = {
			isa = PBXFrameworksBuildPhase;
			buildActionMask = 2147483647;
			files = (
				88318E6C1A1319AA00A0F374 /* XCTest.framework in Frameworks */,
				88318E6E1A1319AA00A0F374 /* UIKit.framework in Frameworks */,
				88318E6D1A1319AA00A0F374 /* Foundation.framework in Frameworks */,
			);
			runOnlyForDeploymentPostprocessing = 0;
		};
/* End PBXFrameworksBuildPhase section */

/* Begin PBXGroup section */
		88318E401A1319AA00A0F374 = {
			isa = PBXGroup;
			children = (
				88318E521A1319AA00A0F374 /* eyeTrainTest2 */,
				88318E711A1319AA00A0F374 /* eyeTrainTest2Tests */,
				88318E4B1A1319AA00A0F374 /* Frameworks */,
				88318E4A1A1319AA00A0F374 /* Products */,
			);
			sourceTree = "<group>";
		};
		88318E4A1A1319AA00A0F374 /* Products */ = {
			isa = PBXGroup;
			children = (
				88318E491A1319AA00A0F374 /* eyeTrainTest2.app */,
				88318E6A1A1319AA00A0F374 /* eyeTrainTest2Tests.xctest */,
			);
			name = Products;
			sourceTree = "<group>";
		};
		88318E4B1A1319AA00A0F374 /* Frameworks */ = {
			isa = PBXGroup;
			children = (
				88318E4C1A1319AA00A0F374 /* Foundation.framework */,
				88318E4E1A1319AA00A0F374 /* CoreGraphics.framework */,
				88318E501A1319AA00A0F374 /* UIKit.framework */,
				88318E6B1A1319AA00A0F374 /* XCTest.framework */,
			);
			name = Frameworks;
			sourceTree = "<group>";
		};
		88318E521A1319AA00A0F374 /* eyeTrainTest2 */ = {
			isa = PBXGroup;
			children = (
				88318E5B1A1319AA00A0F374 /* AppDelegate.h */,
				88318E5C1A1319AA00A0F374 /* AppDelegate.m */,
				88318E5E1A1319AA00A0F374 /* Main.storyboard */,
				88318E611A1319AA00A0F374 /* ViewController.h */,
				88318E621A1319AA00A0F374 /* ViewController.m */,
				88318E811A1319BE00A0F374 /* SmoothedBIView.h */,
				88318E821A1319E100A0F374 /* SmoothedBIView.m */,
				886F6FF71A15BDB3000D1E9B /* CollectionViewController.h */,
				886F6FF81A15BDB3000D1E9B /* CollectionViewController.m */,
				886F704B1A16E40E000D1E9B /* CollectionViewCell.h */,
				886F704C1A16E40E000D1E9B /* CollectionViewCell.m */,
				88845A021A17FE6F0013F40D /* PayHereViewController.h */,
				88845A031A17FE6F0013F40D /* PayHereViewController.m */,
				88318E641A1319AA00A0F374 /* Images.xcassets */,
				88318E531A1319AA00A0F374 /* Supporting Files */,
				886F6FF11A1496AD000D1E9B /* LinearInterpView.h */,
				886F6FF21A1496AD000D1E9B /* LinearInterpView.m */,
				888459F11A17F2820013F40D /* ViewController2.h */,
				888459F21A17F2820013F40D /* ViewController2.m */,
				888459F41A17F4BB0013F40D /* SmoothedBIView2.h */,
				888459F51A17F4BB0013F40D /* SmoothedBIView2.m */,
			);
			path = eyeTrainTest2;
			sourceTree = "<group>";
		};
		88318E531A1319AA00A0F374 /* Supporting Files */ = {
			isa = PBXGroup;
			children = (
				C17FC6CD1A2521C500286004 /* grades */,
				88845A431A1858C10013F40D /* draw_background_5.png */,
				88845A3B1A18535D0013F40D /* image_draw.png */,
				88845A1D1A1846E40013F40D /* copy_draw.png */,
				88845A151A18415F0013F40D /* detail_draw.png */,
				88845A131A18407C0013F40D /* perspective_draw.png */,
				88845A0D1A1818C20013F40D /* done.png */,
				88845A0B1A18180B0013F40D /* draw_again.png */,
				88845A051A180B400013F40D /* answer2.png */,
				88845A061A180B400013F40D /* guide2.png */,
				888459FD1A17FB2D0013F40D /* like_it.png */,
				888459FB1A17FA8B0013F40D /* pay_here_sign.png */,
				888459F71A17F9B50013F40D /* black_lobster_tag.png */,
				886F6FE91A148F85000D1E9B /* copy_draw.jpg */,
				886F6FE41A148603000D1E9B /* previous_level.png */,
				886F6FE21A147E37000D1E9B /* next_level.png */,
				886F6FD61A146BF0000D1E9B /* answer.png */,
				886B70F31A13260300496532 /* guide.png */,
				886B70EE1A13252F00496532 /* model.png */,
				886B70E71A1324A400496532 /* background_paper.jpg */,
				886B70E51A131BAF00496532 /* light_textured_backround.jpg */,
				88318E541A1319AA00A0F374 /* eyeTrainTest2-Info.plist */,
				88318E551A1319AA00A0F374 /* InfoPlist.strings */,
				88318E581A1319AA00A0F374 /* main.m */,
				88318E5A1A1319AA00A0F374 /* eyeTrainTest2-Prefix.pch */,
			);
			name = "Supporting Files";
			sourceTree = "<group>";
		};
		88318E711A1319AA00A0F374 /* eyeTrainTest2Tests */ = {
			isa = PBXGroup;
			children = (
				88318E771A1319AA00A0F374 /* eyeTrainTest2Tests.m */,
				88318E721A1319AA00A0F374 /* Supporting Files */,
			);
			path = eyeTrainTest2Tests;
			sourceTree = "<group>";
		};
		88318E721A1319AA00A0F374 /* Supporting Files */ = {
			isa = PBXGroup;
			children = (
				88318E731A1319AA00A0F374 /* eyeTrainTest2Tests-Info.plist */,
				88318E741A1319AA00A0F374 /* InfoPlist.strings */,
			);
			name = "Supporting Files";
			sourceTree = "<group>";
		};
		C17FC6CD1A2521C500286004 /* grades */ = {
			isa = PBXGroup;
			children = (
				886F6FD81A14757B000D1E9B /* grade_a.png */,
				886F6FDB1A14757B000D1E9B /* grade_b.png */,
				886F6FDA1A14757B000D1E9B /* grade_c_minus.png */,
				886F6FD91A14757B000D1E9B /* grade_d.png */,
				886F6FE01A147834000D1E9B /* grade_f.png */,
			);
			name = grades;
			sourceTree = "<group>";
		};
/* End PBXGroup section */

/* Begin PBXNativeTarget section */
		88318E481A1319AA00A0F374 /* eyeTrainTest2 */ = {
			isa = PBXNativeTarget;
			buildConfigurationList = 88318E7B1A1319AA00A0F374 /* Build configuration list for PBXNativeTarget "eyeTrainTest2" */;
			buildPhases = (
				88318E451A1319AA00A0F374 /* Sources */,
				88318E461A1319AA00A0F374 /* Frameworks */,
				88318E471A1319AA00A0F374 /* Resources */,
			);
			buildRules = (
			);
			dependencies = (
			);
			name = eyeTrainTest2;
			productName = eyeTrainTest2;
			productReference = 88318E491A1319AA00A0F374 /* eyeTrainTest2.app */;
			productType = "com.apple.product-type.application";
		};
		88318E691A1319AA00A0F374 /* eyeTrainTest2Tests */ = {
			isa = PBXNativeTarget;
			buildConfigurationList = 88318E7E1A1319AA00A0F374 /* Build configuration list for PBXNativeTarget "eyeTrainTest2Tests" */;
			buildPhases = (
				88318E661A1319AA00A0F374 /* Sources */,
				88318E671A1319AA00A0F374 /* Frameworks */,
				88318E681A1319AA00A0F374 /* Resources */,
			);
			buildRules = (
			);
			dependencies = (
				88318E701A1319AA00A0F374 /* PBXTargetDependency */,
			);
			name = eyeTrainTest2Tests;
			productName = eyeTrainTest2Tests;
			productReference = 88318E6A1A1319AA00A0F374 /* eyeTrainTest2Tests.xctest */;
			productType = "com.apple.product-type.bundle.unit-test";
		};
/* End PBXNativeTarget section */

/* Begin PBXProject section */
		88318E411A1319AA00A0F374 /* Project object */ = {
			isa = PBXProject;
			attributes = {
				LastUpgradeCheck = 0510;
				ORGANIZATIONNAME = edu.dartmouth.dali;
				TargetAttributes = {
					88318E691A1319AA00A0F374 = {
						TestTargetID = 88318E481A1319AA00A0F374;
					};
				};
			};
			buildConfigurationList = 88318E441A1319AA00A0F374 /* Build configuration list for PBXProject "eyeTrainTest2" */;
			compatibilityVersion = "Xcode 3.2";
			developmentRegion = English;
			hasScannedForEncodings = 0;
			knownRegions = (
				en,
				Base,
			);
			mainGroup = 88318E401A1319AA00A0F374;
			productRefGroup = 88318E4A1A1319AA00A0F374 /* Products */;
			projectDirPath = "";
			projectRoot = "";
			targets = (
				88318E481A1319AA00A0F374 /* eyeTrainTest2 */,
				88318E691A1319AA00A0F374 /* eyeTrainTest2Tests */,
			);
		};
/* End PBXProject section */

/* Begin PBXResourcesBuildPhase section */
		88318E471A1319AA00A0F374 /* Resources */ = {
			isa = PBXResourcesBuildPhase;
			buildActionMask = 2147483647;
			files = (
				88318E651A1319AA00A0F374 /* Images.xcassets in Resources */,
				88845A0E1A1818C20013F40D /* done.png in Resources */,
				886F6FED1A148F85000D1E9B /* copy_draw.jpg in Resources */,
				88845A161A18415F0013F40D /* detail_draw.png in Resources */,
				88845A3C1A18535D0013F40D /* image_draw.png in Resources */,
				88845A081A180B400013F40D /* guide2.png in Resources */,
				88318E571A1319AA00A0F374 /* InfoPlist.strings in Resources */,
				886F6FDF1A14757B000D1E9B /* grade_b.png in Resources */,
				886F6FE31A147E37000D1E9B /* next_level.png in Resources */,
				886F6FDD1A14757B000D1E9B /* grade_d.png in Resources */,
				888459FE1A17FB2D0013F40D /* like_it.png in Resources */,
				886B70F41A13260300496532 /* guide.png in Resources */,
				88318E601A1319AA00A0F374 /* Main.storyboard in Resources */,
				88845A441A1858C10013F40D /* draw_background_5.png in Resources */,
				88845A141A18407C0013F40D /* perspective_draw.png in Resources */,
				888459F81A17F9B50013F40D /* black_lobster_tag.png in Resources */,
				886B70F01A13252F00496532 /* model.png in Resources */,
				886F6FDE1A14757B000D1E9B /* grade_c_minus.png in Resources */,
				886F6FE51A148603000D1E9B /* previous_level.png in Resources */,
				88845A071A180B400013F40D /* answer2.png in Resources */,
				88845A0C1A18180B0013F40D /* draw_again.png in Resources */,
				886F6FD71A146BF0000D1E9B /* answer.png in Resources */,
				886B70EA1A1324A400496532 /* background_paper.jpg in Resources */,
				888459FC1A17FA8B0013F40D /* pay_here_sign.png in Resources */,
				88845A1E1A1846E40013F40D /* copy_draw.png in Resources */,
				886F6FE11A147834000D1E9B /* grade_f.png in Resources */,
				886B70E61A131BAF00496532 /* light_textured_backround.jpg in Resources */,
				886F6FDC1A14757B000D1E9B /* grade_a.png in Resources */,
			);
			runOnlyForDeploymentPostprocessing = 0;
		};
		88318E681A1319AA00A0F374 /* Resources */ = {
			isa = PBXResourcesBuildPhase;
			buildActionMask = 2147483647;
			files = (
				88318E761A1319AA00A0F374 /* InfoPlist.strings in Resources */,
			);
			runOnlyForDeploymentPostprocessing = 0;
		};
/* End PBXResourcesBuildPhase section */

/* Begin PBXSourcesBuildPhase section */
		88318E451A1319AA00A0F374 /* Sources */ = {
			isa = PBXSourcesBuildPhase;
			buildActionMask = 2147483647;
			files = (
				886F6FF31A1496AD000D1E9B /* LinearInterpView.m in Sources */,
				88318E831A1319E100A0F374 /* SmoothedBIView.m in Sources */,
				886F6FF91A15BDB3000D1E9B /* CollectionViewController.m in Sources */,
				88845A041A17FE6F0013F40D /* PayHereViewController.m in Sources */,
				88318E631A1319AA00A0F374 /* ViewController.m in Sources */,
				888459F61A17F4BB0013F40D /* SmoothedBIView2.m in Sources */,
				88318E5D1A1319AA00A0F374 /* AppDelegate.m in Sources */,
				888459F31A17F2820013F40D /* ViewController2.m in Sources */,
				886F704D1A16E40E000D1E9B /* CollectionViewCell.m in Sources */,
				88318E591A1319AA00A0F374 /* main.m in Sources */,
			);
			runOnlyForDeploymentPostprocessing = 0;
		};
		88318E661A1319AA00A0F374 /* Sources */ = {
			isa = PBXSourcesBuildPhase;
			buildActionMask = 2147483647;
			files = (
				88318E781A1319AA00A0F374 /* eyeTrainTest2Tests.m in Sources */,
			);
			runOnlyForDeploymentPostprocessing = 0;
		};
/* End PBXSourcesBuildPhase section */

/* Begin PBXTargetDependency section */
		88318E701A1319AA00A0F374 /* PBXTargetDependency */ = {
			isa = PBXTargetDependency;
			target = 88318E481A1319AA00A0F374 /* eyeTrainTest2 */;
			targetProxy = 88318E6F1A1319AA00A0F374 /* PBXContainerItemProxy */;
		};
/* End PBXTargetDependency section */

/* Begin PBXVariantGroup section */
		88318E551A1319AA00A0F374 /* InfoPlist.strings */ = {
			isa = PBXVariantGroup;
			children = (
				88318E561A1319AA00A0F374 /* en */,
			);
			name = InfoPlist.strings;
			sourceTree = "<group>";
		};
		88318E5E1A1319AA00A0F374 /* Main.storyboard */ = {
			isa = PBXVariantGroup;
			children = (
				88318E5F1A1319AA00A0F374 /* Base */,
			);
			name = Main.storyboard;
			sourceTree = "<group>";
		};
		88318E741A1319AA00A0F374 /* InfoPlist.strings */ = {
			isa = PBXVariantGroup;
			children = (
				88318E751A1319AA00A0F374 /* en */,
			);
			name = InfoPlist.strings;
			sourceTree = "<group>";
		};
/* End PBXVariantGroup section */

/* Begin XCBuildConfiguration section */
		88318E791A1319AA00A0F374 /* Debug */ = {
			isa = XCBuildConfiguration;
			buildSettings = {
				ALWAYS_SEARCH_USER_PATHS = NO;
				CLANG_CXX_LANGUAGE_STANDARD = "gnu++0x";
				CLANG_CXX_LIBRARY = "libc++";
				CLANG_ENABLE_MODULES = YES;
				CLANG_ENABLE_OBJC_ARC = YES;
				CLANG_WARN_BOOL_CONVERSION = YES;
				CLANG_WARN_CONSTANT_CONVERSION = YES;
				CLANG_WARN_DIRECT_OBJC_ISA_USAGE = YES_ERROR;
				CLANG_WARN_EMPTY_BODY = YES;
				CLANG_WARN_ENUM_CONVERSION = YES;
				CLANG_WARN_INT_CONVERSION = YES;
				CLANG_WARN_OBJC_ROOT_CLASS = YES_ERROR;
				CLANG_WARN__DUPLICATE_METHOD_MATCH = YES;
				"CODE_SIGN_IDENTITY[sdk=iphoneos*]" = "iPhone Developer";
				COPY_PHASE_STRIP = NO;
				GCC_C_LANGUAGE_STANDARD = gnu99;
				GCC_DYNAMIC_NO_PIC = NO;
				GCC_OPTIMIZATION_LEVEL = 0;
				GCC_PREPROCESSOR_DEFINITIONS = (
					"DEBUG=1",
					"$(inherited)",
				);
				GCC_SYMBOLS_PRIVATE_EXTERN = NO;
				GCC_WARN_64_TO_32_BIT_CONVERSION = YES;
				GCC_WARN_ABOUT_RETURN_TYPE = YES_ERROR;
				GCC_WARN_UNDECLARED_SELECTOR = YES;
				GCC_WARN_UNINITIALIZED_AUTOS = YES_AGGRESSIVE;
				GCC_WARN_UNUSED_FUNCTION = YES;
				GCC_WARN_UNUSED_VARIABLE = YES;
				IPHONEOS_DEPLOYMENT_TARGET = 7.1;
				ONLY_ACTIVE_ARCH = YES;
				SDKROOT = iphoneos;
				TARGETED_DEVICE_FAMILY = 2;
			};
			name = Debug;
		};
		88318E7A1A1319AA00A0F374 /* Release */ = {
			isa = XCBuildConfiguration;
			buildSettings = {
				ALWAYS_SEARCH_USER_PATHS = NO;
				CLANG_CXX_LANGUAGE_STANDARD = "gnu++0x";
				CLANG_CXX_LIBRARY = "libc++";
				CLANG_ENABLE_MODULES = YES;
				CLANG_ENABLE_OBJC_ARC = YES;
				CLANG_WARN_BOOL_CONVERSION = YES;
				CLANG_WARN_CONSTANT_CONVERSION = YES;
				CLANG_WARN_DIRECT_OBJC_ISA_USAGE = YES_ERROR;
				CLANG_WARN_EMPTY_BODY = YES;
				CLANG_WARN_ENUM_CONVERSION = YES;
				CLANG_WARN_INT_CONVERSION = YES;
				CLANG_WARN_OBJC_ROOT_CLASS = YES_ERROR;
				CLANG_WARN__DUPLICATE_METHOD_MATCH = YES;
				"CODE_SIGN_IDENTITY[sdk=iphoneos*]" = "iPhone Developer";
				COPY_PHASE_STRIP = YES;
				ENABLE_NS_ASSERTIONS = NO;
				GCC_C_LANGUAGE_STANDARD = gnu99;
				GCC_WARN_64_TO_32_BIT_CONVERSION = YES;
				GCC_WARN_ABOUT_RETURN_TYPE = YES_ERROR;
				GCC_WARN_UNDECLARED_SELECTOR = YES;
				GCC_WARN_UNINITIALIZED_AUTOS = YES_AGGRESSIVE;
				GCC_WARN_UNUSED_FUNCTION = YES;
				GCC_WARN_UNUSED_VARIABLE = YES;
				IPHONEOS_DEPLOYMENT_TARGET = 7.1;
				SDKROOT = iphoneos;
				TARGETED_DEVICE_FAMILY = 2;
				VALIDATE_PRODUCT = YES;
			};
			name = Release;
		};
		88318E7C1A1319AA00A0F374 /* Debug */ = {
			isa = XCBuildConfiguration;
			buildSettings = {
				ASSETCATALOG_COMPILER_APPICON_NAME = AppIcon;
				ASSETCATALOG_COMPILER_LAUNCHIMAGE_NAME = LaunchImage;
				GCC_PRECOMPILE_PREFIX_HEADER = YES;
				GCC_PREFIX_HEADER = "eyeTrainTest2/eyeTrainTest2-Prefix.pch";
				INFOPLIST_FILE = "eyeTrainTest2/eyeTrainTest2-Info.plist";
				PRODUCT_NAME = "$(TARGET_NAME)";
				TARGETED_DEVICE_FAMILY = 2;
				WRAPPER_EXTENSION = app;
			};
			name = Debug;
		};
		88318E7D1A1319AA00A0F374 /* Release */ = {
			isa = XCBuildConfiguration;
			buildSettings = {
				ASSETCATALOG_COMPILER_APPICON_NAME = AppIcon;
				ASSETCATALOG_COMPILER_LAUNCHIMAGE_NAME = LaunchImage;
				GCC_PRECOMPILE_PREFIX_HEADER = YES;
				GCC_PREFIX_HEADER = "eyeTrainTest2/eyeTrainTest2-Prefix.pch";
				INFOPLIST_FILE = "eyeTrainTest2/eyeTrainTest2-Info.plist";
				PRODUCT_NAME = "$(TARGET_NAME)";
				TARGETED_DEVICE_FAMILY = 2;
				WRAPPER_EXTENSION = app;
			};
			name = Release;
		};
		88318E7F1A1319AA00A0F374 /* Debug */ = {
			isa = XCBuildConfiguration;
			buildSettings = {
				BUNDLE_LOADER = "$(BUILT_PRODUCTS_DIR)/eyeTrainTest2.app/eyeTrainTest2";
				FRAMEWORK_SEARCH_PATHS = (
					"$(SDKROOT)/Developer/Library/Frameworks",
					"$(inherited)",
					"$(DEVELOPER_FRAMEWORKS_DIR)",
				);
				GCC_PRECOMPILE_PREFIX_HEADER = YES;
				GCC_PREFIX_HEADER = "eyeTrainTest2/eyeTrainTest2-Prefix.pch";
				GCC_PREPROCESSOR_DEFINITIONS = (
					"DEBUG=1",
					"$(inherited)",
				);
				INFOPLIST_FILE = "eyeTrainTest2Tests/eyeTrainTest2Tests-Info.plist";
				PRODUCT_NAME = "$(TARGET_NAME)";
				TEST_HOST = "$(BUNDLE_LOADER)";
				WRAPPER_EXTENSION = xctest;
			};
			name = Debug;
		};
		88318E801A1319AA00A0F374 /* Release */ = {
			isa = XCBuildConfiguration;
			buildSettings = {
				BUNDLE_LOADER = "$(BUILT_PRODUCTS_DIR)/eyeTrainTest2.app/eyeTrainTest2";
				FRAMEWORK_SEARCH_PATHS = (
					"$(SDKROOT)/Developer/Library/Frameworks",
					"$(inherited)",
					"$(DEVELOPER_FRAMEWORKS_DIR)",
				);
				GCC_PRECOMPILE_PREFIX_HEADER = YES;
				GCC_PREFIX_HEADER = "eyeTrainTest2/eyeTrainTest2-Prefix.pch";
				INFOPLIST_FILE = "eyeTrainTest2Tests/eyeTrainTest2Tests-Info.plist";
				PRODUCT_NAME = "$(TARGET_NAME)";
				TEST_HOST = "$(BUNDLE_LOADER)";
				WRAPPER_EXTENSION = xctest;
			};
			name = Release;
		};
/* End XCBuildConfiguration section */

/* Begin XCConfigurationList section */
		88318E441A1319AA00A0F374 /* Build configuration list for PBXProject "eyeTrainTest2" */ = {
			isa = XCConfigurationList;
			buildConfigurations = (
				88318E791A1319AA00A0F374 /* Debug */,
				88318E7A1A1319AA00A0F374 /* Release */,
			);
			defaultConfigurationIsVisible = 0;
			defaultConfigurationName = Release;
		};
		88318E7B1A1319AA00A0F374 /* Build configuration list for PBXNativeTarget "eyeTrainTest2" */ = {
			isa = XCConfigurationList;
			buildConfigurations = (
				88318E7C1A1319AA00A0F374 /* Debug */,
				88318E7D1A1319AA00A0F374 /* Release */,
			);
			defaultConfigurationIsVisible = 0;
			defaultConfigurationName = Release;
		};
		88318E7E1A1319AA00A0F374 /* Build configuration list for PBXNativeTarget "eyeTrainTest2Tests" */ = {
			isa = XCConfigurationList;
			buildConfigurations = (
				88318E7F1A1319AA00A0F374 /* Debug */,
				88318E801A1319AA00A0F374 /* Release */,
			);
			defaultConfigurationIsVisible = 0;
			defaultConfigurationName = Release;
		};
/* End XCConfigurationList section */
	};
	rootObject = 88318E411A1319AA00A0F374 /* Project object */;
}
